// !$*UTF8*$!
{
	archiveVersion = 1;
	classes = {
	};
	objectVersion = 56;
	objects = {

/* Begin PBXBuildFile section */
		F90141AB2B030A7800F2270B /* DrawingAppTests.swift in Sources */ = {isa = PBXBuildFile; fileRef = F90141AA2B030A7800F2270B /* DrawingAppTests.swift */; };
		F90141B22B030CCB00F2270B /* String+extension.swift in Sources */ = {isa = PBXBuildFile; fileRef = F90141B12B030CCB00F2270B /* String+extension.swift */; };
		F911B5DB2AF3332000A645DA /* UIBezierPath+extension.swift in Sources */ = {isa = PBXBuildFile; fileRef = F911B5DA2AF3332000A645DA /* UIBezierPath+extension.swift */; };
		F911B5DD2AF3334C00A645DA /* DrawingGestureRecognizer.swift in Sources */ = {isa = PBXBuildFile; fileRef = F911B5DC2AF3334C00A645DA /* DrawingGestureRecognizer.swift */; };
		F911B5DF2AF3337500A645DA /* PDFDrawer.swift in Sources */ = {isa = PBXBuildFile; fileRef = F911B5DE2AF3337500A645DA /* PDFDrawer.swift */; };
		F911B5E12AF333D500A645DA /* DrawingAnnotation.swift in Sources */ = {isa = PBXBuildFile; fileRef = F911B5E02AF333D500A645DA /* DrawingAnnotation.swift */; };
		F911B5E32AF333F600A645DA /* NonSelectablePDFView.swift in Sources */ = {isa = PBXBuildFile; fileRef = F911B5E22AF333F600A645DA /* NonSelectablePDFView.swift */; };
		F911B5E52AF3345300A645DA /* PDFAnnotationWithPath.swift in Sources */ = {isa = PBXBuildFile; fileRef = F911B5E42AF3345300A645DA /* PDFAnnotationWithPath.swift */; };
		F911B5E72AF3347300A645DA /* PDFPage+Selection.swift in Sources */ = {isa = PBXBuildFile; fileRef = F911B5E62AF3347300A645DA /* PDFPage+Selection.swift */; };
		F91345242ACA8B150034AD03 /* IconTableViewCell.swift in Sources */ = {isa = PBXBuildFile; fileRef = F91345232ACA8B150034AD03 /* IconTableViewCell.swift */; };
		F91345262ACA8B380034AD03 /* IconTableViewCell.xib in Resources */ = {isa = PBXBuildFile; fileRef = F91345252ACA8B380034AD03 /* IconTableViewCell.xib */; };
		F91345282ACA99870034AD03 /* ImageAnnotation.swift in Sources */ = {isa = PBXBuildFile; fileRef = F91345272ACA99870034AD03 /* ImageAnnotation.swift */; };
		F913452A2ACA9A9D0034AD03 /* DrawingViewController.swift in Sources */ = {isa = PBXBuildFile; fileRef = F91345292ACA9A9D0034AD03 /* DrawingViewController.swift */; };
		F913452C2ACA9E5D0034AD03 /* DrawingViewController.storyboard in Resources */ = {isa = PBXBuildFile; fileRef = F913452B2ACA9E5D0034AD03 /* DrawingViewController.storyboard */; };
		F921DAF32AFC6ABD009500EC /* TextInputViewController.swift in Sources */ = {isa = PBXBuildFile; fileRef = F921DAF22AFC6ABD009500EC /* TextInputViewController.swift */; };
		F921DAF52AFC6BF1009500EC /* UIView+extension.swift in Sources */ = {isa = PBXBuildFile; fileRef = F921DAF42AFC6BF1009500EC /* UIView+extension.swift */; };
		F921DAF72AFC6C2F009500EC /* TextInputViewController.storyboard in Resources */ = {isa = PBXBuildFile; fileRef = F921DAF62AFC6C2F009500EC /* TextInputViewController.storyboard */; };
		F924861F2AF2575F007A1EC4 /* Colors.xcassets in Resources */ = {isa = PBXBuildFile; fileRef = F924861E2AF2575F007A1EC4 /* Colors.xcassets */; };
		F93BBDE32AFDC1DF00B8F0AE /* UndoRedoManager.swift in Sources */ = {isa = PBXBuildFile; fileRef = F93BBDE22AFDC1DF00B8F0AE /* UndoRedoManager.swift */; };
		F940354C2B06186000EB8C7E /* DrawingReportEditViewController.storyboard in Resources */ = {isa = PBXBuildFile; fileRef = F940354B2B06186000EB8C7E /* DrawingReportEditViewController.storyboard */; };
		F940354E2B0619D300EB8C7E /* PDFViewController.swift in Sources */ = {isa = PBXBuildFile; fileRef = F940354D2B0619D300EB8C7E /* PDFViewController.swift */; };
		F94035502B061A0F00EB8C7E /* PDFThumbnailCollectionViewController.swift in Sources */ = {isa = PBXBuildFile; fileRef = F940354F2B061A0F00EB8C7E /* PDFThumbnailCollectionViewController.swift */; };
		F94035522B061A8D00EB8C7E /* PDFPageCollectionViewCell.swift in Sources */ = {isa = PBXBuildFile; fileRef = F94035512B061A8D00EB8C7E /* PDFPageCollectionViewCell.swift */; };
		F94035542B061AA800EB8C7E /* PDFPageView.swift in Sources */ = {isa = PBXBuildFile; fileRef = F94035532B061AA800EB8C7E /* PDFPageView.swift */; };
		F94035562B061AF000EB8C7E /* TiledView.swift in Sources */ = {isa = PBXBuildFile; fileRef = F94035552B061AF000EB8C7E /* TiledView.swift */; };
		F94035582B061E8600EB8C7E /* PDFViewController.storyboard in Resources */ = {isa = PBXBuildFile; fileRef = F94035572B061E8600EB8C7E /* PDFViewController.storyboard */; };
		F940355B2B0709A600EB8C7E /* PhotoLisViewController.swift in Sources */ = {isa = PBXBuildFile; fileRef = F940355A2B0709A600EB8C7E /* PhotoLisViewController.swift */; };
		F940355D2B070BC600EB8C7E /* PhotoLisViewController.storyboard in Resources */ = {isa = PBXBuildFile; fileRef = F940355C2B070BC600EB8C7E /* PhotoLisViewController.storyboard */; };
		F940355F2B070D6700EB8C7E /* SegmentedControlPageViewController.swift in Sources */ = {isa = PBXBuildFile; fileRef = F940355E2B070D6700EB8C7E /* SegmentedControlPageViewController.swift */; };
		F94035612B070F0700EB8C7E /* SegmentedControlPageViewController.storyboard in Resources */ = {isa = PBXBuildFile; fileRef = F94035602B070F0700EB8C7E /* SegmentedControlPageViewController.storyboard */; };
		F94035642B07374300EB8C7E /* InportViewController.swift in Sources */ = {isa = PBXBuildFile; fileRef = F94035632B07374300EB8C7E /* InportViewController.swift */; };
		F96332C42B03686C003B424D /* MainViewController.swift in Sources */ = {isa = PBXBuildFile; fileRef = F96332C32B03686C003B424D /* MainViewController.swift */; };
		F96332C62B03689B003B424D /* SidemenuViewController.swift in Sources */ = {isa = PBXBuildFile; fileRef = F96332C52B03689B003B424D /* SidemenuViewController.swift */; };
		F96332C92B0369A2003B424D /* SidemenuTableViewCell.swift in Sources */ = {isa = PBXBuildFile; fileRef = F96332C72B0369A2003B424D /* SidemenuTableViewCell.swift */; };
		F96332CA2B0369A2003B424D /* SidemenuTableViewCell.xib in Resources */ = {isa = PBXBuildFile; fileRef = F96332C82B0369A2003B424D /* SidemenuTableViewCell.xib */; };
		F96332CC2B0469BF003B424D /* WrappingMainViewController.swift in Sources */ = {isa = PBXBuildFile; fileRef = F96332CB2B0469BF003B424D /* WrappingMainViewController.swift */; };
		F96332CE2B046A58003B424D /* WrappingMainViewController.storyboard in Resources */ = {isa = PBXBuildFile; fileRef = F96332CD2B046A58003B424D /* WrappingMainViewController.storyboard */; };
		F96332D02B046B85003B424D /* ViewController.storyboard in Resources */ = {isa = PBXBuildFile; fileRef = F96332CF2B046B85003B424D /* ViewController.storyboard */; };
		F96332D22B046C39003B424D /* SplashViewController.swift in Sources */ = {isa = PBXBuildFile; fileRef = F96332D12B046C39003B424D /* SplashViewController.swift */; };
		F96332D42B04A2CB003B424D /* DrawingReportListViewController.swift in Sources */ = {isa = PBXBuildFile; fileRef = F96332D32B04A2CB003B424D /* DrawingReportListViewController.swift */; };
		F96332D62B04A2E8003B424D /* DrawingReportListViewController.storyboard in Resources */ = {isa = PBXBuildFile; fileRef = F96332D52B04A2E8003B424D /* DrawingReportListViewController.storyboard */; };
		F96332D82B04B7B4003B424D /* LocalFileManager.swift in Sources */ = {isa = PBXBuildFile; fileRef = F96332D72B04B7B4003B424D /* LocalFileManager.swift */; };
		F96332DA2B05AF2F003B424D /* PDFDocumentForList.swift in Sources */ = {isa = PBXBuildFile; fileRef = F96332D92B05AF2F003B424D /* PDFDocumentForList.swift */; };
		F96332DC2B05B0E9003B424D /* PDFThumbnailCell.swift in Sources */ = {isa = PBXBuildFile; fileRef = F96332DB2B05B0E9003B424D /* PDFThumbnailCell.swift */; };
		F96332DE2B05B1C9003B424D /* PDFThumbnailCell.xib in Resources */ = {isa = PBXBuildFile; fileRef = F96332DD2B05B1C9003B424D /* PDFThumbnailCell.xib */; };
		F96332E02B06163F003B424D /* DrawingReportEditViewController.swift in Sources */ = {isa = PBXBuildFile; fileRef = F96332DF2B06163F003B424D /* DrawingReportEditViewController.swift */; };
		F963ED622ABC3AF100B41C99 /* AppDelegate.swift in Sources */ = {isa = PBXBuildFile; fileRef = F963ED612ABC3AF100B41C99 /* AppDelegate.swift */; };
		F963ED642ABC3AF100B41C99 /* SceneDelegate.swift in Sources */ = {isa = PBXBuildFile; fileRef = F963ED632ABC3AF100B41C99 /* SceneDelegate.swift */; };
		F963ED662ABC3AF100B41C99 /* ViewController.swift in Sources */ = {isa = PBXBuildFile; fileRef = F963ED652ABC3AF100B41C99 /* ViewController.swift */; };
		F963ED692ABC3AF100B41C99 /* Main.storyboard in Resources */ = {isa = PBXBuildFile; fileRef = F963ED672ABC3AF100B41C99 /* Main.storyboard */; };
		F963ED6B2ABC3AF200B41C99 /* Assets.xcassets in Resources */ = {isa = PBXBuildFile; fileRef = F963ED6A2ABC3AF200B41C99 /* Assets.xcassets */; };
		F963ED6E2ABC3AF200B41C99 /* LaunchScreen.storyboard in Resources */ = {isa = PBXBuildFile; fileRef = F963ED6C2ABC3AF200B41C99 /* LaunchScreen.storyboard */; };
		F963ED762ABC4ECE00B41C99 /* 2023-Journals.pdf in Resources */ = {isa = PBXBuildFile; fileRef = F963ED752ABC4ECE00B41C99 /* 2023-Journals.pdf */; };
		F963ED782AC2D65700B41C99 /* BackupManager.swift in Sources */ = {isa = PBXBuildFile; fileRef = F963ED772AC2D65700B41C99 /* BackupManager.swift */; };
		F963ED7A2AC2D82900B41C99 /* PdfMaker.swift in Sources */ = {isa = PBXBuildFile; fileRef = F963ED792AC2D82900B41C99 /* PdfMaker.swift */; };
		F99A73B52B26B55D00CF11DA /* SidemenuTableViewHeaderFooterView.xib in Resources */ = {isa = PBXBuildFile; fileRef = F99A73B32B26B55D00CF11DA /* SidemenuTableViewHeaderFooterView.xib */; };
		F99A73B62B26B55D00CF11DA /* SidemenuTableViewHeaderFooterView.swift in Sources */ = {isa = PBXBuildFile; fileRef = F99A73B42B26B55D00CF11DA /* SidemenuTableViewHeaderFooterView.swift */; };
		F9DB92622B0B6797002BFE75 /* PhotoMarkerChooseViewController.swift in Sources */ = {isa = PBXBuildFile; fileRef = F9DB92612B0B6797002BFE75 /* PhotoMarkerChooseViewController.swift */; };
		F9DB92642B0B67B0002BFE75 /* PhotoMarkerChooseViewController.storyboard in Resources */ = {isa = PBXBuildFile; fileRef = F9DB92632B0B67B0002BFE75 /* PhotoMarkerChooseViewController.storyboard */; };
		F9DFBDB82B16DF95002E441F /* JsonFileManager.swift in Sources */ = {isa = PBXBuildFile; fileRef = F9DFBDB72B16DF95002E441F /* JsonFileManager.swift */; };
		F9E92D712B0DB69D00EE4DCA /* UIColor+extension.swift in Sources */ = {isa = PBXBuildFile; fileRef = F9E92D702B0DB69D00EE4DCA /* UIColor+extension.swift */; };
/* End PBXBuildFile section */

/* Begin PBXContainerItemProxy section */
		F90141AC2B030A7800F2270B /* PBXContainerItemProxy */ = {
			isa = PBXContainerItemProxy;
			containerPortal = F963ED562ABC3AF100B41C99 /* Project object */;
			proxyType = 1;
			remoteGlobalIDString = F963ED5D2ABC3AF100B41C99;
			remoteInfo = DrawingApp;
		};
/* End PBXContainerItemProxy section */

/* Begin PBXFileReference section */
		F90141A82B030A7800F2270B /* DrawingAppTests.xctest */ = {isa = PBXFileReference; explicitFileType = wrapper.cfbundle; includeInIndex = 0; path = DrawingAppTests.xctest; sourceTree = BUILT_PRODUCTS_DIR; };
		F90141AA2B030A7800F2270B /* DrawingAppTests.swift */ = {isa = PBXFileReference; lastKnownFileType = sourcecode.swift; path = DrawingAppTests.swift; sourceTree = "<group>"; };
		F90141B12B030CCB00F2270B /* String+extension.swift */ = {isa = PBXFileReference; lastKnownFileType = sourcecode.swift; path = "String+extension.swift"; sourceTree = "<group>"; };
		F911B5DA2AF3332000A645DA /* UIBezierPath+extension.swift */ = {isa = PBXFileReference; lastKnownFileType = sourcecode.swift; path = "UIBezierPath+extension.swift"; sourceTree = "<group>"; };
		F911B5DC2AF3334C00A645DA /* DrawingGestureRecognizer.swift */ = {isa = PBXFileReference; lastKnownFileType = sourcecode.swift; path = DrawingGestureRecognizer.swift; sourceTree = "<group>"; };
		F911B5DE2AF3337500A645DA /* PDFDrawer.swift */ = {isa = PBXFileReference; lastKnownFileType = sourcecode.swift; path = PDFDrawer.swift; sourceTree = "<group>"; };
		F911B5E02AF333D500A645DA /* DrawingAnnotation.swift */ = {isa = PBXFileReference; lastKnownFileType = sourcecode.swift; path = DrawingAnnotation.swift; sourceTree = "<group>"; };
		F911B5E22AF333F600A645DA /* NonSelectablePDFView.swift */ = {isa = PBXFileReference; lastKnownFileType = sourcecode.swift; path = NonSelectablePDFView.swift; sourceTree = "<group>"; };
		F911B5E42AF3345300A645DA /* PDFAnnotationWithPath.swift */ = {isa = PBXFileReference; lastKnownFileType = sourcecode.swift; path = PDFAnnotationWithPath.swift; sourceTree = "<group>"; };
		F911B5E62AF3347300A645DA /* PDFPage+Selection.swift */ = {isa = PBXFileReference; lastKnownFileType = sourcecode.swift; path = "PDFPage+Selection.swift"; sourceTree = "<group>"; };
		F91345232ACA8B150034AD03 /* IconTableViewCell.swift */ = {isa = PBXFileReference; lastKnownFileType = sourcecode.swift; path = IconTableViewCell.swift; sourceTree = "<group>"; };
		F91345252ACA8B380034AD03 /* IconTableViewCell.xib */ = {isa = PBXFileReference; fileEncoding = 4; lastKnownFileType = file.xib; path = IconTableViewCell.xib; sourceTree = "<group>"; };
		F91345272ACA99870034AD03 /* ImageAnnotation.swift */ = {isa = PBXFileReference; lastKnownFileType = sourcecode.swift; path = ImageAnnotation.swift; sourceTree = "<group>"; };
		F91345292ACA9A9D0034AD03 /* DrawingViewController.swift */ = {isa = PBXFileReference; lastKnownFileType = sourcecode.swift; path = DrawingViewController.swift; sourceTree = "<group>"; };
		F913452B2ACA9E5D0034AD03 /* DrawingViewController.storyboard */ = {isa = PBXFileReference; lastKnownFileType = file.storyboard; path = DrawingViewController.storyboard; sourceTree = "<group>"; };
		F921DAF22AFC6ABD009500EC /* TextInputViewController.swift */ = {isa = PBXFileReference; lastKnownFileType = sourcecode.swift; path = TextInputViewController.swift; sourceTree = "<group>"; };
		F921DAF42AFC6BF1009500EC /* UIView+extension.swift */ = {isa = PBXFileReference; lastKnownFileType = sourcecode.swift; path = "UIView+extension.swift"; sourceTree = "<group>"; };
		F921DAF62AFC6C2F009500EC /* TextInputViewController.storyboard */ = {isa = PBXFileReference; lastKnownFileType = file.storyboard; path = TextInputViewController.storyboard; sourceTree = "<group>"; };
		F924861E2AF2575F007A1EC4 /* Colors.xcassets */ = {isa = PBXFileReference; lastKnownFileType = folder.assetcatalog; path = Colors.xcassets; sourceTree = "<group>"; };
		F93BBDE22AFDC1DF00B8F0AE /* UndoRedoManager.swift */ = {isa = PBXFileReference; lastKnownFileType = sourcecode.swift; path = UndoRedoManager.swift; sourceTree = "<group>"; };
		F940354B2B06186000EB8C7E /* DrawingReportEditViewController.storyboard */ = {isa = PBXFileReference; lastKnownFileType = file.storyboard; path = DrawingReportEditViewController.storyboard; sourceTree = "<group>"; };
		F940354D2B0619D300EB8C7E /* PDFViewController.swift */ = {isa = PBXFileReference; lastKnownFileType = sourcecode.swift; path = PDFViewController.swift; sourceTree = "<group>"; };
		F940354F2B061A0F00EB8C7E /* PDFThumbnailCollectionViewController.swift */ = {isa = PBXFileReference; lastKnownFileType = sourcecode.swift; path = PDFThumbnailCollectionViewController.swift; sourceTree = "<group>"; };
		F94035512B061A8D00EB8C7E /* PDFPageCollectionViewCell.swift */ = {isa = PBXFileReference; lastKnownFileType = sourcecode.swift; path = PDFPageCollectionViewCell.swift; sourceTree = "<group>"; };
		F94035532B061AA800EB8C7E /* PDFPageView.swift */ = {isa = PBXFileReference; lastKnownFileType = sourcecode.swift; path = PDFPageView.swift; sourceTree = "<group>"; };
		F94035552B061AF000EB8C7E /* TiledView.swift */ = {isa = PBXFileReference; lastKnownFileType = sourcecode.swift; path = TiledView.swift; sourceTree = "<group>"; };
		F94035572B061E8600EB8C7E /* PDFViewController.storyboard */ = {isa = PBXFileReference; lastKnownFileType = file.storyboard; path = PDFViewController.storyboard; sourceTree = "<group>"; };
		F940355A2B0709A600EB8C7E /* PhotoLisViewController.swift */ = {isa = PBXFileReference; lastKnownFileType = sourcecode.swift; path = PhotoLisViewController.swift; sourceTree = "<group>"; };
		F940355C2B070BC600EB8C7E /* PhotoLisViewController.storyboard */ = {isa = PBXFileReference; lastKnownFileType = file.storyboard; path = PhotoLisViewController.storyboard; sourceTree = "<group>"; };
		F940355E2B070D6700EB8C7E /* SegmentedControlPageViewController.swift */ = {isa = PBXFileReference; lastKnownFileType = sourcecode.swift; path = SegmentedControlPageViewController.swift; sourceTree = "<group>"; };
		F94035602B070F0700EB8C7E /* SegmentedControlPageViewController.storyboard */ = {isa = PBXFileReference; lastKnownFileType = file.storyboard; path = SegmentedControlPageViewController.storyboard; sourceTree = "<group>"; };
		F94035632B07374300EB8C7E /* InportViewController.swift */ = {isa = PBXFileReference; lastKnownFileType = sourcecode.swift; path = InportViewController.swift; sourceTree = "<group>"; };
		F96332C32B03686C003B424D /* MainViewController.swift */ = {isa = PBXFileReference; lastKnownFileType = sourcecode.swift; path = MainViewController.swift; sourceTree = "<group>"; };
		F96332C52B03689B003B424D /* SidemenuViewController.swift */ = {isa = PBXFileReference; lastKnownFileType = sourcecode.swift; path = SidemenuViewController.swift; sourceTree = "<group>"; };
		F96332C72B0369A2003B424D /* SidemenuTableViewCell.swift */ = {isa = PBXFileReference; lastKnownFileType = sourcecode.swift; path = SidemenuTableViewCell.swift; sourceTree = "<group>"; };
		F96332C82B0369A2003B424D /* SidemenuTableViewCell.xib */ = {isa = PBXFileReference; lastKnownFileType = file.xib; path = SidemenuTableViewCell.xib; sourceTree = "<group>"; };
		F96332CB2B0469BF003B424D /* WrappingMainViewController.swift */ = {isa = PBXFileReference; lastKnownFileType = sourcecode.swift; path = WrappingMainViewController.swift; sourceTree = "<group>"; };
		F96332CD2B046A58003B424D /* WrappingMainViewController.storyboard */ = {isa = PBXFileReference; lastKnownFileType = file.storyboard; path = WrappingMainViewController.storyboard; sourceTree = "<group>"; };
		F96332CF2B046B85003B424D /* ViewController.storyboard */ = {isa = PBXFileReference; lastKnownFileType = file.storyboard; path = ViewController.storyboard; sourceTree = "<group>"; };
		F96332D12B046C39003B424D /* SplashViewController.swift */ = {isa = PBXFileReference; lastKnownFileType = sourcecode.swift; path = SplashViewController.swift; sourceTree = "<group>"; };
		F96332D32B04A2CB003B424D /* DrawingReportListViewController.swift */ = {isa = PBXFileReference; lastKnownFileType = sourcecode.swift; path = DrawingReportListViewController.swift; sourceTree = "<group>"; };
		F96332D52B04A2E8003B424D /* DrawingReportListViewController.storyboard */ = {isa = PBXFileReference; lastKnownFileType = file.storyboard; path = DrawingReportListViewController.storyboard; sourceTree = "<group>"; };
		F96332D72B04B7B4003B424D /* LocalFileManager.swift */ = {isa = PBXFileReference; lastKnownFileType = sourcecode.swift; path = LocalFileManager.swift; sourceTree = "<group>"; };
		F96332D92B05AF2F003B424D /* PDFDocumentForList.swift */ = {isa = PBXFileReference; lastKnownFileType = sourcecode.swift; path = PDFDocumentForList.swift; sourceTree = "<group>"; };
		F96332DB2B05B0E9003B424D /* PDFThumbnailCell.swift */ = {isa = PBXFileReference; lastKnownFileType = sourcecode.swift; path = PDFThumbnailCell.swift; sourceTree = "<group>"; };
		F96332DD2B05B1C9003B424D /* PDFThumbnailCell.xib */ = {isa = PBXFileReference; lastKnownFileType = file.xib; path = PDFThumbnailCell.xib; sourceTree = "<group>"; };
		F96332DF2B06163F003B424D /* DrawingReportEditViewController.swift */ = {isa = PBXFileReference; lastKnownFileType = sourcecode.swift; path = DrawingReportEditViewController.swift; sourceTree = "<group>"; };
		F963ED5E2ABC3AF100B41C99 /* DrawingApp.app */ = {isa = PBXFileReference; explicitFileType = wrapper.application; includeInIndex = 0; path = DrawingApp.app; sourceTree = BUILT_PRODUCTS_DIR; };
		F963ED612ABC3AF100B41C99 /* AppDelegate.swift */ = {isa = PBXFileReference; lastKnownFileType = sourcecode.swift; path = AppDelegate.swift; sourceTree = "<group>"; };
		F963ED632ABC3AF100B41C99 /* SceneDelegate.swift */ = {isa = PBXFileReference; lastKnownFileType = sourcecode.swift; path = SceneDelegate.swift; sourceTree = "<group>"; };
		F963ED652ABC3AF100B41C99 /* ViewController.swift */ = {isa = PBXFileReference; lastKnownFileType = sourcecode.swift; path = ViewController.swift; sourceTree = "<group>"; };
		F963ED682ABC3AF100B41C99 /* Base */ = {isa = PBXFileReference; lastKnownFileType = file.storyboard; name = Base; path = Base.lproj/Main.storyboard; sourceTree = "<group>"; };
		F963ED6A2ABC3AF200B41C99 /* Assets.xcassets */ = {isa = PBXFileReference; lastKnownFileType = folder.assetcatalog; path = Assets.xcassets; sourceTree = "<group>"; };
		F963ED6D2ABC3AF200B41C99 /* Base */ = {isa = PBXFileReference; lastKnownFileType = file.storyboard; name = Base; path = Base.lproj/LaunchScreen.storyboard; sourceTree = "<group>"; };
		F963ED6F2ABC3AF200B41C99 /* Info.plist */ = {isa = PBXFileReference; lastKnownFileType = text.plist.xml; path = Info.plist; sourceTree = "<group>"; };
		F963ED752ABC4ECE00B41C99 /* 2023-Journals.pdf */ = {isa = PBXFileReference; lastKnownFileType = image.pdf; path = "2023-Journals.pdf"; sourceTree = "<group>"; };
		F963ED772AC2D65700B41C99 /* BackupManager.swift */ = {isa = PBXFileReference; lastKnownFileType = sourcecode.swift; path = BackupManager.swift; sourceTree = "<group>"; };
		F963ED792AC2D82900B41C99 /* PdfMaker.swift */ = {isa = PBXFileReference; lastKnownFileType = sourcecode.swift; path = PdfMaker.swift; sourceTree = "<group>"; };
		F963ED7B2AC2E05E00B41C99 /* DrawingApp.entitlements */ = {isa = PBXFileReference; lastKnownFileType = text.plist.entitlements; path = DrawingApp.entitlements; sourceTree = "<group>"; };
		F99A73B32B26B55D00CF11DA /* SidemenuTableViewHeaderFooterView.xib */ = {isa = PBXFileReference; fileEncoding = 4; lastKnownFileType = file.xib; path = SidemenuTableViewHeaderFooterView.xib; sourceTree = "<group>"; };
		F99A73B42B26B55D00CF11DA /* SidemenuTableViewHeaderFooterView.swift */ = {isa = PBXFileReference; fileEncoding = 4; lastKnownFileType = sourcecode.swift; path = SidemenuTableViewHeaderFooterView.swift; sourceTree = "<group>"; };
		F9DB92612B0B6797002BFE75 /* PhotoMarkerChooseViewController.swift */ = {isa = PBXFileReference; lastKnownFileType = sourcecode.swift; path = PhotoMarkerChooseViewController.swift; sourceTree = "<group>"; };
		F9DB92632B0B67B0002BFE75 /* PhotoMarkerChooseViewController.storyboard */ = {isa = PBXFileReference; lastKnownFileType = file.storyboard; path = PhotoMarkerChooseViewController.storyboard; sourceTree = "<group>"; };
		F9DFBDB72B16DF95002E441F /* JsonFileManager.swift */ = {isa = PBXFileReference; lastKnownFileType = sourcecode.swift; path = JsonFileManager.swift; sourceTree = "<group>"; };
		F9E92D702B0DB69D00EE4DCA /* UIColor+extension.swift */ = {isa = PBXFileReference; lastKnownFileType = sourcecode.swift; path = "UIColor+extension.swift"; sourceTree = "<group>"; };
/* End PBXFileReference section */

/* Begin PBXFrameworksBuildPhase section */
		F90141A52B030A7800F2270B /* Frameworks */ = {
			isa = PBXFrameworksBuildPhase;
			buildActionMask = 2147483647;
			files = (
			);
			runOnlyForDeploymentPostprocessing = 0;
		};
		F963ED5B2ABC3AF100B41C99 /* Frameworks */ = {
			isa = PBXFrameworksBuildPhase;
			buildActionMask = 2147483647;
			files = (
			);
			runOnlyForDeploymentPostprocessing = 0;
		};
/* End PBXFrameworksBuildPhase section */

/* Begin PBXGroup section */
		F90141A92B030A7800F2270B /* DrawingAppTests */ = {
			isa = PBXGroup;
			children = (
				F90141AA2B030A7800F2270B /* DrawingAppTests.swift */,
			);
			path = DrawingAppTests;
			sourceTree = "<group>";
		};
		F911B5E82AF3353100A645DA /* HandWritting */ = {
			isa = PBXGroup;
			children = (
				F911B5E42AF3345300A645DA /* PDFAnnotationWithPath.swift */,
				F911B5E02AF333D500A645DA /* DrawingAnnotation.swift */,
				F911B5DA2AF3332000A645DA /* UIBezierPath+extension.swift */,
				F911B5DC2AF3334C00A645DA /* DrawingGestureRecognizer.swift */,
				F911B5DE2AF3337500A645DA /* PDFDrawer.swift */,
				F911B5E22AF333F600A645DA /* NonSelectablePDFView.swift */,
				F911B5E62AF3347300A645DA /* PDFPage+Selection.swift */,
			);
			path = HandWritting;
			sourceTree = "<group>";
		};
		F94035592B07092400EB8C7E /* PDFThumbnailCollection */ = {
			isa = PBXGroup;
			children = (
				F940354D2B0619D300EB8C7E /* PDFViewController.swift */,
				F94035572B061E8600EB8C7E /* PDFViewController.storyboard */,
				F940354F2B061A0F00EB8C7E /* PDFThumbnailCollectionViewController.swift */,
				F94035512B061A8D00EB8C7E /* PDFPageCollectionViewCell.swift */,
				F94035532B061AA800EB8C7E /* PDFPageView.swift */,
				F94035552B061AF000EB8C7E /* TiledView.swift */,
				F96332D92B05AF2F003B424D /* PDFDocumentForList.swift */,
				F96332DB2B05B0E9003B424D /* PDFThumbnailCell.swift */,
				F96332DD2B05B1C9003B424D /* PDFThumbnailCell.xib */,
			);
			path = PDFThumbnailCollection;
			sourceTree = "<group>";
		};
		F94035622B0732CE00EB8C7E /* SampleCode */ = {
			isa = PBXGroup;
			children = (
				F963ED652ABC3AF100B41C99 /* ViewController.swift */,
				F96332CF2B046B85003B424D /* ViewController.storyboard */,
				F91345232ACA8B150034AD03 /* IconTableViewCell.swift */,
				F91345252ACA8B380034AD03 /* IconTableViewCell.xib */,
				F91345292ACA9A9D0034AD03 /* DrawingViewController.swift */,
				F913452B2ACA9E5D0034AD03 /* DrawingViewController.storyboard */,
				F963ED792AC2D82900B41C99 /* PdfMaker.swift */,
				F963ED752ABC4ECE00B41C99 /* 2023-Journals.pdf */,
			);
			path = SampleCode;
			sourceTree = "<group>";
		};
		F96332C22B036841003B424D /* SideMenu */ = {
			isa = PBXGroup;
			children = (
				F96332C32B03686C003B424D /* MainViewController.swift */,
				F96332CB2B0469BF003B424D /* WrappingMainViewController.swift */,
				F96332CD2B046A58003B424D /* WrappingMainViewController.storyboard */,
				F96332C52B03689B003B424D /* SidemenuViewController.swift */,
				F99A73B42B26B55D00CF11DA /* SidemenuTableViewHeaderFooterView.swift */,
				F99A73B32B26B55D00CF11DA /* SidemenuTableViewHeaderFooterView.xib */,
				F96332C72B0369A2003B424D /* SidemenuTableViewCell.swift */,
				F96332C82B0369A2003B424D /* SidemenuTableViewCell.xib */,
			);
			path = SideMenu;
			sourceTree = "<group>";
		};
		F963ED552ABC3AF100B41C99 = {
			isa = PBXGroup;
			children = (
				F963ED602ABC3AF100B41C99 /* DrawingApp */,
				F90141A92B030A7800F2270B /* DrawingAppTests */,
				F963ED5F2ABC3AF100B41C99 /* Products */,
			);
			sourceTree = "<group>";
		};
		F963ED5F2ABC3AF100B41C99 /* Products */ = {
			isa = PBXGroup;
			children = (
				F963ED5E2ABC3AF100B41C99 /* DrawingApp.app */,
				F90141A82B030A7800F2270B /* DrawingAppTests.xctest */,
			);
			name = Products;
			sourceTree = "<group>";
		};
		F963ED602ABC3AF100B41C99 /* DrawingApp */ = {
			isa = PBXGroup;
			children = (
				F963ED7B2AC2E05E00B41C99 /* DrawingApp.entitlements */,
				F963ED612ABC3AF100B41C99 /* AppDelegate.swift */,
				F963ED632ABC3AF100B41C99 /* SceneDelegate.swift */,
				F963ED6C2ABC3AF200B41C99 /* LaunchScreen.storyboard */,
				F963ED672ABC3AF100B41C99 /* Main.storyboard */,
				F96332D12B046C39003B424D /* SplashViewController.swift */,
				F940355E2B070D6700EB8C7E /* SegmentedControlPageViewController.swift */,
				F94035602B070F0700EB8C7E /* SegmentedControlPageViewController.storyboard */,
				F94035632B07374300EB8C7E /* InportViewController.swift */,
				F96332C22B036841003B424D /* SideMenu */,
				F9E8D8D92B0CAE0D00449590 /* DrawingReport */,
				F9E8D8DB2B0CAE7400449590 /* PDFEditor */,
				F94035592B07092400EB8C7E /* PDFThumbnailCollection */,
				F921DAF22AFC6ABD009500EC /* TextInputViewController.swift */,
				F921DAF62AFC6C2F009500EC /* TextInputViewController.storyboard */,
				F9E8D8DA2B0CAE3300449590 /* Photos */,
				F911B5E82AF3353100A645DA /* HandWritting */,
				F9DB92612B0B6797002BFE75 /* PhotoMarkerChooseViewController.swift */,
				F9DB92632B0B67B0002BFE75 /* PhotoMarkerChooseViewController.storyboard */,
				F9E8D8D82B0CADCE00449590 /* Utilities */,
				F9E8D8D72B0CAD8E00449590 /* extension */,
				F94035622B0732CE00EB8C7E /* SampleCode */,
				F963ED6A2ABC3AF200B41C99 /* Assets.xcassets */,
				F924861E2AF2575F007A1EC4 /* Colors.xcassets */,
				F963ED6F2ABC3AF200B41C99 /* Info.plist */,
			);
			path = DrawingApp;
			sourceTree = "<group>";
		};
		F9E8D8D72B0CAD8E00449590 /* extension */ = {
			isa = PBXGroup;
			children = (
				F921DAF42AFC6BF1009500EC /* UIView+extension.swift */,
				F90141B12B030CCB00F2270B /* String+extension.swift */,
				F9E92D702B0DB69D00EE4DCA /* UIColor+extension.swift */,
			);
			path = extension;
			sourceTree = "<group>";
		};
		F9E8D8D82B0CADCE00449590 /* Utilities */ = {
			isa = PBXGroup;
			children = (
				F963ED772AC2D65700B41C99 /* BackupManager.swift */,
				F96332D72B04B7B4003B424D /* LocalFileManager.swift */,
				F93BBDE22AFDC1DF00B8F0AE /* UndoRedoManager.swift */,
				F9DFBDB72B16DF95002E441F /* JsonFileManager.swift */,
			);
			path = Utilities;
			sourceTree = "<group>";
		};
		F9E8D8D92B0CAE0D00449590 /* DrawingReport */ = {
			isa = PBXGroup;
			children = (
				F96332D32B04A2CB003B424D /* DrawingReportListViewController.swift */,
				F96332D52B04A2E8003B424D /* DrawingReportListViewController.storyboard */,
			);
			path = DrawingReport;
			sourceTree = "<group>";
		};
		F9E8D8DA2B0CAE3300449590 /* Photos */ = {
			isa = PBXGroup;
			children = (
				F940355A2B0709A600EB8C7E /* PhotoLisViewController.swift */,
				F940355C2B070BC600EB8C7E /* PhotoLisViewController.storyboard */,
			);
			path = Photos;
			sourceTree = "<group>";
		};
		F9E8D8DB2B0CAE7400449590 /* PDFEditor */ = {
			isa = PBXGroup;
			children = (
				F96332DF2B06163F003B424D /* DrawingReportEditViewController.swift */,
				F940354B2B06186000EB8C7E /* DrawingReportEditViewController.storyboard */,
				F91345272ACA99870034AD03 /* ImageAnnotation.swift */,
			);
			path = PDFEditor;
			sourceTree = "<group>";
		};
/* End PBXGroup section */

/* Begin PBXNativeTarget section */
		F90141A72B030A7800F2270B /* DrawingAppTests */ = {
			isa = PBXNativeTarget;
			buildConfigurationList = F90141B02B030A7800F2270B /* Build configuration list for PBXNativeTarget "DrawingAppTests" */;
			buildPhases = (
				F90141A42B030A7800F2270B /* Sources */,
				F90141A52B030A7800F2270B /* Frameworks */,
				F90141A62B030A7800F2270B /* Resources */,
			);
			buildRules = (
			);
			dependencies = (
				F90141AD2B030A7800F2270B /* PBXTargetDependency */,
			);
			name = DrawingAppTests;
			productName = DrawingAppTests;
			productReference = F90141A82B030A7800F2270B /* DrawingAppTests.xctest */;
			productType = "com.apple.product-type.bundle.unit-test";
		};
		F963ED5D2ABC3AF100B41C99 /* DrawingApp */ = {
			isa = PBXNativeTarget;
			buildConfigurationList = F963ED722ABC3AF200B41C99 /* Build configuration list for PBXNativeTarget "DrawingApp" */;
			buildPhases = (
				F963ED5A2ABC3AF100B41C99 /* Sources */,
				F963ED5B2ABC3AF100B41C99 /* Frameworks */,
				F963ED5C2ABC3AF100B41C99 /* Resources */,
			);
			buildRules = (
			);
			dependencies = (
			);
			name = DrawingApp;
			productName = DrawingApp;
			productReference = F963ED5E2ABC3AF100B41C99 /* DrawingApp.app */;
			productType = "com.apple.product-type.application";
		};
/* End PBXNativeTarget section */

/* Begin PBXProject section */
		F963ED562ABC3AF100B41C99 /* Project object */ = {
			isa = PBXProject;
			attributes = {
				BuildIndependentTargetsInParallel = 1;
				LastSwiftUpdateCheck = 1500;
				LastUpgradeCheck = 1420;
				TargetAttributes = {
					F90141A72B030A7800F2270B = {
						CreatedOnToolsVersion = 15.0;
						TestTargetID = F963ED5D2ABC3AF100B41C99;
					};
					F963ED5D2ABC3AF100B41C99 = {
						CreatedOnToolsVersion = 14.2;
					};
				};
			};
			buildConfigurationList = F963ED592ABC3AF100B41C99 /* Build configuration list for PBXProject "DrawingApp" */;
			compatibilityVersion = "Xcode 14.0";
			developmentRegion = en;
			hasScannedForEncodings = 0;
			knownRegions = (
				en,
				Base,
			);
			mainGroup = F963ED552ABC3AF100B41C99;
			productRefGroup = F963ED5F2ABC3AF100B41C99 /* Products */;
			projectDirPath = "";
			projectRoot = "";
			targets = (
				F963ED5D2ABC3AF100B41C99 /* DrawingApp */,
				F90141A72B030A7800F2270B /* DrawingAppTests */,
			);
		};
/* End PBXProject section */

/* Begin PBXResourcesBuildPhase section */
		F90141A62B030A7800F2270B /* Resources */ = {
			isa = PBXResourcesBuildPhase;
			buildActionMask = 2147483647;
			files = (
			);
			runOnlyForDeploymentPostprocessing = 0;
		};
		F963ED5C2ABC3AF100B41C99 /* Resources */ = {
			isa = PBXResourcesBuildPhase;
			buildActionMask = 2147483647;
			files = (
				F96332CE2B046A58003B424D /* WrappingMainViewController.storyboard in Resources */,
				F963ED6E2ABC3AF200B41C99 /* LaunchScreen.storyboard in Resources */,
				F96332CA2B0369A2003B424D /* SidemenuTableViewCell.xib in Resources */,
				F921DAF72AFC6C2F009500EC /* TextInputViewController.storyboard in Resources */,
				F94035582B061E8600EB8C7E /* PDFViewController.storyboard in Resources */,
				F9DB92642B0B67B0002BFE75 /* PhotoMarkerChooseViewController.storyboard in Resources */,
				F96332D62B04A2E8003B424D /* DrawingReportListViewController.storyboard in Resources */,
				F91345262ACA8B380034AD03 /* IconTableViewCell.xib in Resources */,
				F913452C2ACA9E5D0034AD03 /* DrawingViewController.storyboard in Resources */,
				F963ED6B2ABC3AF200B41C99 /* Assets.xcassets in Resources */,
				F963ED692ABC3AF100B41C99 /* Main.storyboard in Resources */,
				F963ED762ABC4ECE00B41C99 /* 2023-Journals.pdf in Resources */,
				F940355D2B070BC600EB8C7E /* PhotoLisViewController.storyboard in Resources */,
				F924861F2AF2575F007A1EC4 /* Colors.xcassets in Resources */,
				F99A73B52B26B55D00CF11DA /* SidemenuTableViewHeaderFooterView.xib in Resources */,
				F94035612B070F0700EB8C7E /* SegmentedControlPageViewController.storyboard in Resources */,
				F96332DE2B05B1C9003B424D /* PDFThumbnailCell.xib in Resources */,
				F940354C2B06186000EB8C7E /* DrawingReportEditViewController.storyboard in Resources */,
				F96332D02B046B85003B424D /* ViewController.storyboard in Resources */,
			);
			runOnlyForDeploymentPostprocessing = 0;
		};
/* End PBXResourcesBuildPhase section */

/* Begin PBXSourcesBuildPhase section */
		F90141A42B030A7800F2270B /* Sources */ = {
			isa = PBXSourcesBuildPhase;
			buildActionMask = 2147483647;
			files = (
				F90141AB2B030A7800F2270B /* DrawingAppTests.swift in Sources */,
			);
			runOnlyForDeploymentPostprocessing = 0;
		};
		F963ED5A2ABC3AF100B41C99 /* Sources */ = {
			isa = PBXSourcesBuildPhase;
			buildActionMask = 2147483647;
			files = (
				F963ED662ABC3AF100B41C99 /* ViewController.swift in Sources */,
				F96332D82B04B7B4003B424D /* LocalFileManager.swift in Sources */,
				F911B5DB2AF3332000A645DA /* UIBezierPath+extension.swift in Sources */,
				F9E92D712B0DB69D00EE4DCA /* UIColor+extension.swift in Sources */,
				F96332DC2B05B0E9003B424D /* PDFThumbnailCell.swift in Sources */,
				F911B5E52AF3345300A645DA /* PDFAnnotationWithPath.swift in Sources */,
				F921DAF52AFC6BF1009500EC /* UIView+extension.swift in Sources */,
				F913452A2ACA9A9D0034AD03 /* DrawingViewController.swift in Sources */,
				F911B5DF2AF3337500A645DA /* PDFDrawer.swift in Sources */,
				F96332DA2B05AF2F003B424D /* PDFDocumentForList.swift in Sources */,
				F96332E02B06163F003B424D /* DrawingReportEditViewController.swift in Sources */,
				F911B5E72AF3347300A645DA /* PDFPage+Selection.swift in Sources */,
				F911B5E32AF333F600A645DA /* NonSelectablePDFView.swift in Sources */,
				F96332C62B03689B003B424D /* SidemenuViewController.swift in Sources */,
				F94035642B07374300EB8C7E /* InportViewController.swift in Sources */,
				F963ED7A2AC2D82900B41C99 /* PdfMaker.swift in Sources */,
				F91345242ACA8B150034AD03 /* IconTableViewCell.swift in Sources */,
				F94035502B061A0F00EB8C7E /* PDFThumbnailCollectionViewController.swift in Sources */,
				F940355B2B0709A600EB8C7E /* PhotoLisViewController.swift in Sources */,
				F940354E2B0619D300EB8C7E /* PDFViewController.swift in Sources */,
				F91345282ACA99870034AD03 /* ImageAnnotation.swift in Sources */,
				F99A73B62B26B55D00CF11DA /* SidemenuTableViewHeaderFooterView.swift in Sources */,
				F9DB92622B0B6797002BFE75 /* PhotoMarkerChooseViewController.swift in Sources */,
				F94035542B061AA800EB8C7E /* PDFPageView.swift in Sources */,
				F911B5DD2AF3334C00A645DA /* DrawingGestureRecognizer.swift in Sources */,
				F963ED622ABC3AF100B41C99 /* AppDelegate.swift in Sources */,
				F921DAF32AFC6ABD009500EC /* TextInputViewController.swift in Sources */,
				F96332D22B046C39003B424D /* SplashViewController.swift in Sources */,
				F911B5E12AF333D500A645DA /* DrawingAnnotation.swift in Sources */,
				F93BBDE32AFDC1DF00B8F0AE /* UndoRedoManager.swift in Sources */,
				F94035522B061A8D00EB8C7E /* PDFPageCollectionViewCell.swift in Sources */,
				F963ED642ABC3AF100B41C99 /* SceneDelegate.swift in Sources */,
				F940355F2B070D6700EB8C7E /* SegmentedControlPageViewController.swift in Sources */,
				F94035562B061AF000EB8C7E /* TiledView.swift in Sources */,
				F963ED782AC2D65700B41C99 /* BackupManager.swift in Sources */,
				F96332CC2B0469BF003B424D /* WrappingMainViewController.swift in Sources */,
				F90141B22B030CCB00F2270B /* String+extension.swift in Sources */,
				F96332C42B03686C003B424D /* MainViewController.swift in Sources */,
				F9DFBDB82B16DF95002E441F /* JsonFileManager.swift in Sources */,
				F96332D42B04A2CB003B424D /* DrawingReportListViewController.swift in Sources */,
				F96332C92B0369A2003B424D /* SidemenuTableViewCell.swift in Sources */,
			);
			runOnlyForDeploymentPostprocessing = 0;
		};
/* End PBXSourcesBuildPhase section */

/* Begin PBXTargetDependency section */
		F90141AD2B030A7800F2270B /* PBXTargetDependency */ = {
			isa = PBXTargetDependency;
			target = F963ED5D2ABC3AF100B41C99 /* DrawingApp */;
			targetProxy = F90141AC2B030A7800F2270B /* PBXContainerItemProxy */;
		};
/* End PBXTargetDependency section */

/* Begin PBXVariantGroup section */
		F963ED672ABC3AF100B41C99 /* Main.storyboard */ = {
			isa = PBXVariantGroup;
			children = (
				F963ED682ABC3AF100B41C99 /* Base */,
			);
			name = Main.storyboard;
			sourceTree = "<group>";
		};
		F963ED6C2ABC3AF200B41C99 /* LaunchScreen.storyboard */ = {
			isa = PBXVariantGroup;
			children = (
				F963ED6D2ABC3AF200B41C99 /* Base */,
			);
			name = LaunchScreen.storyboard;
			sourceTree = "<group>";
		};
/* End PBXVariantGroup section */

/* Begin XCBuildConfiguration section */
		F90141AE2B030A7800F2270B /* Debug */ = {
			isa = XCBuildConfiguration;
			buildSettings = {
				ASSETCATALOG_COMPILER_GENERATE_SWIFT_ASSET_SYMBOL_EXTENSIONS = YES;
				BUNDLE_LOADER = "$(TEST_HOST)";
				CODE_SIGN_STYLE = Automatic;
				CURRENT_PROJECT_VERSION = 1;
				DEVELOPMENT_TEAM = T526NZN54U;
				ENABLE_USER_SCRIPT_SANDBOXING = YES;
				GCC_C_LANGUAGE_STANDARD = gnu17;
				GENERATE_INFOPLIST_FILE = YES;
				IPHONEOS_DEPLOYMENT_TARGET = 15.0;
				LOCALIZATION_PREFERS_STRING_CATALOGS = YES;
				MARKETING_VERSION = 1.0;
				PRODUCT_BUNDLE_IDENTIFIER = com.ikingdom.DrawingAppTests;
				PRODUCT_NAME = "$(TARGET_NAME)";
				SWIFT_ACTIVE_COMPILATION_CONDITIONS = "DEBUG $(inherited)";
				SWIFT_EMIT_LOC_STRINGS = NO;
				SWIFT_VERSION = 5.0;
				TARGETED_DEVICE_FAMILY = "1,2";
				TEST_HOST = "$(BUILT_PRODUCTS_DIR)/DrawingApp.app/$(BUNDLE_EXECUTABLE_FOLDER_PATH)/DrawingApp";
			};
			name = Debug;
		};
		F90141AF2B030A7800F2270B /* Release */ = {
			isa = XCBuildConfiguration;
			buildSettings = {
				ASSETCATALOG_COMPILER_GENERATE_SWIFT_ASSET_SYMBOL_EXTENSIONS = YES;
				BUNDLE_LOADER = "$(TEST_HOST)";
				CODE_SIGN_STYLE = Automatic;
				CURRENT_PROJECT_VERSION = 1;
				DEVELOPMENT_TEAM = T526NZN54U;
				ENABLE_USER_SCRIPT_SANDBOXING = YES;
				GCC_C_LANGUAGE_STANDARD = gnu17;
				GENERATE_INFOPLIST_FILE = YES;
				IPHONEOS_DEPLOYMENT_TARGET = 15.0;
				LOCALIZATION_PREFERS_STRING_CATALOGS = YES;
				MARKETING_VERSION = 1.0;
				PRODUCT_BUNDLE_IDENTIFIER = com.ikingdom.DrawingAppTests;
				PRODUCT_NAME = "$(TARGET_NAME)";
				SWIFT_EMIT_LOC_STRINGS = NO;
				SWIFT_VERSION = 5.0;
				TARGETED_DEVICE_FAMILY = "1,2";
				TEST_HOST = "$(BUILT_PRODUCTS_DIR)/DrawingApp.app/$(BUNDLE_EXECUTABLE_FOLDER_PATH)/DrawingApp";
			};
			name = Release;
		};
		F963ED702ABC3AF200B41C99 /* Debug */ = {
			isa = XCBuildConfiguration;
			buildSettings = {
				ALWAYS_SEARCH_USER_PATHS = NO;
				CLANG_ANALYZER_NONNULL = YES;
				CLANG_ANALYZER_NUMBER_OBJECT_CONVERSION = YES_AGGRESSIVE;
				CLANG_CXX_LANGUAGE_STANDARD = "gnu++20";
				CLANG_ENABLE_MODULES = YES;
				CLANG_ENABLE_OBJC_ARC = YES;
				CLANG_ENABLE_OBJC_WEAK = YES;
				CLANG_WARN_BLOCK_CAPTURE_AUTORELEASING = YES;
				CLANG_WARN_BOOL_CONVERSION = YES;
				CLANG_WARN_COMMA = YES;
				CLANG_WARN_CONSTANT_CONVERSION = YES;
				CLANG_WARN_DEPRECATED_OBJC_IMPLEMENTATIONS = YES;
				CLANG_WARN_DIRECT_OBJC_ISA_USAGE = YES_ERROR;
				CLANG_WARN_DOCUMENTATION_COMMENTS = YES;
				CLANG_WARN_EMPTY_BODY = YES;
				CLANG_WARN_ENUM_CONVERSION = YES;
				CLANG_WARN_INFINITE_RECURSION = YES;
				CLANG_WARN_INT_CONVERSION = YES;
				CLANG_WARN_NON_LITERAL_NULL_CONVERSION = YES;
				CLANG_WARN_OBJC_IMPLICIT_RETAIN_SELF = YES;
				CLANG_WARN_OBJC_LITERAL_CONVERSION = YES;
				CLANG_WARN_OBJC_ROOT_CLASS = YES_ERROR;
				CLANG_WARN_QUOTED_INCLUDE_IN_FRAMEWORK_HEADER = YES;
				CLANG_WARN_RANGE_LOOP_ANALYSIS = YES;
				CLANG_WARN_STRICT_PROTOTYPES = YES;
				CLANG_WARN_SUSPICIOUS_MOVE = YES;
				CLANG_WARN_UNGUARDED_AVAILABILITY = YES_AGGRESSIVE;
				CLANG_WARN_UNREACHABLE_CODE = YES;
				CLANG_WARN__DUPLICATE_METHOD_MATCH = YES;
				COPY_PHASE_STRIP = NO;
				DEBUG_INFORMATION_FORMAT = dwarf;
				ENABLE_STRICT_OBJC_MSGSEND = YES;
				ENABLE_TESTABILITY = YES;
				GCC_C_LANGUAGE_STANDARD = gnu11;
				GCC_DYNAMIC_NO_PIC = NO;
				GCC_NO_COMMON_BLOCKS = YES;
				GCC_OPTIMIZATION_LEVEL = 0;
				GCC_PREPROCESSOR_DEFINITIONS = (
					"DEBUG=1",
					"$(inherited)",
				);
				GCC_WARN_64_TO_32_BIT_CONVERSION = YES;
				GCC_WARN_ABOUT_RETURN_TYPE = YES_ERROR;
				GCC_WARN_UNDECLARED_SELECTOR = YES;
				GCC_WARN_UNINITIALIZED_AUTOS = YES_AGGRESSIVE;
				GCC_WARN_UNUSED_FUNCTION = YES;
				GCC_WARN_UNUSED_VARIABLE = YES;
				IPHONEOS_DEPLOYMENT_TARGET = 15.0;
				MTL_ENABLE_DEBUG_INFO = INCLUDE_SOURCE;
				MTL_FAST_MATH = YES;
				ONLY_ACTIVE_ARCH = YES;
				SDKROOT = iphoneos;
				SWIFT_ACTIVE_COMPILATION_CONDITIONS = DEBUG;
				SWIFT_OPTIMIZATION_LEVEL = "-Onone";
			};
			name = Debug;
		};
		F963ED712ABC3AF200B41C99 /* Release */ = {
			isa = XCBuildConfiguration;
			buildSettings = {
				ALWAYS_SEARCH_USER_PATHS = NO;
				CLANG_ANALYZER_NONNULL = YES;
				CLANG_ANALYZER_NUMBER_OBJECT_CONVERSION = YES_AGGRESSIVE;
				CLANG_CXX_LANGUAGE_STANDARD = "gnu++20";
				CLANG_ENABLE_MODULES = YES;
				CLANG_ENABLE_OBJC_ARC = YES;
				CLANG_ENABLE_OBJC_WEAK = YES;
				CLANG_WARN_BLOCK_CAPTURE_AUTORELEASING = YES;
				CLANG_WARN_BOOL_CONVERSION = YES;
				CLANG_WARN_COMMA = YES;
				CLANG_WARN_CONSTANT_CONVERSION = YES;
				CLANG_WARN_DEPRECATED_OBJC_IMPLEMENTATIONS = YES;
				CLANG_WARN_DIRECT_OBJC_ISA_USAGE = YES_ERROR;
				CLANG_WARN_DOCUMENTATION_COMMENTS = YES;
				CLANG_WARN_EMPTY_BODY = YES;
				CLANG_WARN_ENUM_CONVERSION = YES;
				CLANG_WARN_INFINITE_RECURSION = YES;
				CLANG_WARN_INT_CONVERSION = YES;
				CLANG_WARN_NON_LITERAL_NULL_CONVERSION = YES;
				CLANG_WARN_OBJC_IMPLICIT_RETAIN_SELF = YES;
				CLANG_WARN_OBJC_LITERAL_CONVERSION = YES;
				CLANG_WARN_OBJC_ROOT_CLASS = YES_ERROR;
				CLANG_WARN_QUOTED_INCLUDE_IN_FRAMEWORK_HEADER = YES;
				CLANG_WARN_RANGE_LOOP_ANALYSIS = YES;
				CLANG_WARN_STRICT_PROTOTYPES = YES;
				CLANG_WARN_SUSPICIOUS_MOVE = YES;
				CLANG_WARN_UNGUARDED_AVAILABILITY = YES_AGGRESSIVE;
				CLANG_WARN_UNREACHABLE_CODE = YES;
				CLANG_WARN__DUPLICATE_METHOD_MATCH = YES;
				COPY_PHASE_STRIP = NO;
				DEBUG_INFORMATION_FORMAT = "dwarf-with-dsym";
				ENABLE_NS_ASSERTIONS = NO;
				ENABLE_STRICT_OBJC_MSGSEND = YES;
				GCC_C_LANGUAGE_STANDARD = gnu11;
				GCC_NO_COMMON_BLOCKS = YES;
				GCC_WARN_64_TO_32_BIT_CONVERSION = YES;
				GCC_WARN_ABOUT_RETURN_TYPE = YES_ERROR;
				GCC_WARN_UNDECLARED_SELECTOR = YES;
				GCC_WARN_UNINITIALIZED_AUTOS = YES_AGGRESSIVE;
				GCC_WARN_UNUSED_FUNCTION = YES;
				GCC_WARN_UNUSED_VARIABLE = YES;
				IPHONEOS_DEPLOYMENT_TARGET = 15.0;
				MTL_ENABLE_DEBUG_INFO = NO;
				MTL_FAST_MATH = YES;
				SDKROOT = iphoneos;
				SWIFT_COMPILATION_MODE = wholemodule;
				SWIFT_OPTIMIZATION_LEVEL = "-O";
				VALIDATE_PRODUCT = YES;
			};
			name = Release;
		};
		F963ED732ABC3AF200B41C99 /* Debug */ = {
			isa = XCBuildConfiguration;
			buildSettings = {
				ASSETCATALOG_COMPILER_APPICON_NAME = AppIcon;
				ASSETCATALOG_COMPILER_GLOBAL_ACCENT_COLOR_NAME = AccentColor;
				CODE_SIGN_ENTITLEMENTS = DrawingApp/DrawingApp.entitlements;
				CODE_SIGN_IDENTITY = "Apple Development";
				CODE_SIGN_STYLE = Automatic;
				CURRENT_PROJECT_VERSION = 1;
				DEVELOPMENT_TEAM = T526NZN54U;
				GENERATE_INFOPLIST_FILE = YES;
				INFOPLIST_FILE = DrawingApp/Info.plist;
				INFOPLIST_KEY_LSSupportsOpeningDocumentsInPlace = YES;
				INFOPLIST_KEY_NSPhotoLibraryUsageDescription = "This app requires to access your photo library";
				INFOPLIST_KEY_UIApplicationSupportsIndirectInputEvents = YES;
				INFOPLIST_KEY_UILaunchStoryboardName = LaunchScreen;
				INFOPLIST_KEY_UIMainStoryboardFile = Main;
				INFOPLIST_KEY_UISupportedInterfaceOrientations_iPad = "UIInterfaceOrientationPortrait UIInterfaceOrientationPortraitUpsideDown UIInterfaceOrientationLandscapeLeft UIInterfaceOrientationLandscapeRight";
				INFOPLIST_KEY_UISupportedInterfaceOrientations_iPhone = "UIInterfaceOrientationPortrait UIInterfaceOrientationLandscapeLeft UIInterfaceOrientationLandscapeRight";
				INFOPLIST_KEY_UISupportsDocumentBrowser = YES;
				IPHONEOS_DEPLOYMENT_TARGET = 15.0;
				LD_RUNPATH_SEARCH_PATHS = (
					"$(inherited)",
					"@executable_path/Frameworks",
				);
				MARKETING_VERSION = 1.0.0;
				PRODUCT_BUNDLE_IDENTIFIER = com.ikingdom.DrawingApp;
				PRODUCT_NAME = "$(TARGET_NAME)";
				PROVISIONING_PROFILE_SPECIFIER = "";
				SWIFT_EMIT_LOC_STRINGS = YES;
				SWIFT_VERSION = 5.0;
				TARGETED_DEVICE_FAMILY = "1,2";
			};
			name = Debug;
		};
		F963ED742ABC3AF200B41C99 /* Release */ = {
			isa = XCBuildConfiguration;
			buildSettings = {
				ASSETCATALOG_COMPILER_APPICON_NAME = AppIcon;
				ASSETCATALOG_COMPILER_GLOBAL_ACCENT_COLOR_NAME = AccentColor;
				CODE_SIGN_ENTITLEMENTS = DrawingApp/DrawingApp.entitlements;
				CODE_SIGN_IDENTITY = "Apple Development";
				CODE_SIGN_STYLE = Automatic;
				CURRENT_PROJECT_VERSION = 1;
				DEVELOPMENT_TEAM = T526NZN54U;
				GENERATE_INFOPLIST_FILE = YES;
				INFOPLIST_FILE = DrawingApp/Info.plist;
				INFOPLIST_KEY_LSSupportsOpeningDocumentsInPlace = YES;
				INFOPLIST_KEY_NSPhotoLibraryUsageDescription = "This app requires to access your photo library";
				INFOPLIST_KEY_UIApplicationSupportsIndirectInputEvents = YES;
				INFOPLIST_KEY_UILaunchStoryboardName = LaunchScreen;
				INFOPLIST_KEY_UIMainStoryboardFile = Main;
				INFOPLIST_KEY_UISupportedInterfaceOrientations_iPad = "UIInterfaceOrientationPortrait UIInterfaceOrientationPortraitUpsideDown UIInterfaceOrientationLandscapeLeft UIInterfaceOrientationLandscapeRight";
				INFOPLIST_KEY_UISupportedInterfaceOrientations_iPhone = "UIInterfaceOrientationPortrait UIInterfaceOrientationLandscapeLeft UIInterfaceOrientationLandscapeRight";
				INFOPLIST_KEY_UISupportsDocumentBrowser = YES;
				IPHONEOS_DEPLOYMENT_TARGET = 15.0;
				LD_RUNPATH_SEARCH_PATHS = (
					"$(inherited)",
					"@executable_path/Frameworks",
				);
				MARKETING_VERSION = 1.0.0;
				PRODUCT_BUNDLE_IDENTIFIER = com.ikingdom.DrawingApp;
				PRODUCT_NAME = "$(TARGET_NAME)";
				PROVISIONING_PROFILE_SPECIFIER = "";
				SWIFT_EMIT_LOC_STRINGS = YES;
				SWIFT_VERSION = 5.0;
				TARGETED_DEVICE_FAMILY = "1,2";
			};
			name = Release;
		};
/* End XCBuildConfiguration section */

/* Begin XCConfigurationList section */
		F90141B02B030A7800F2270B /* Build configuration list for PBXNativeTarget "DrawingAppTests" */ = {
			isa = XCConfigurationList;
			buildConfigurations = (
				F90141AE2B030A7800F2270B /* Debug */,
				F90141AF2B030A7800F2270B /* Release */,
			);
			defaultConfigurationIsVisible = 0;
			defaultConfigurationName = Release;
		};
		F963ED592ABC3AF100B41C99 /* Build configuration list for PBXProject "DrawingApp" */ = {
			isa = XCConfigurationList;
			buildConfigurations = (
				F963ED702ABC3AF200B41C99 /* Debug */,
				F963ED712ABC3AF200B41C99 /* Release */,
			);
			defaultConfigurationIsVisible = 0;
			defaultConfigurationName = Release;
		};
		F963ED722ABC3AF200B41C99 /* Build configuration list for PBXNativeTarget "DrawingApp" */ = {
			isa = XCConfigurationList;
			buildConfigurations = (
				F963ED732ABC3AF200B41C99 /* Debug */,
				F963ED742ABC3AF200B41C99 /* Release */,
			);
			defaultConfigurationIsVisible = 0;
			defaultConfigurationName = Release;
		};
/* End XCConfigurationList section */
	};
	rootObject = F963ED562ABC3AF100B41C99 /* Project object */;
}
